
Microsoft Visual Studio Solution File, Format Version 12.00
# Visual Studio Version 17
VisualStudioVersion = 17.2.32630.192
MinimumVisualStudioVersion = 10.0.40219.1
Project("{9A19103F-16F7-4668-BE54-9A1E7A4F7556}") = "R5T.S0058.Deploy", "R5T.S0058.Deploy\R5T.S0058.Deploy.csproj", "{E3DF8DE5-AEDF-4222-A5F7-440F49A527A5}"
EndProject
Project("{2150E333-8FDC-42A3-9474-1A3956D46DE8}") = "_Dependencies", "_Dependencies", "{3B9362BF-966E-461E-8443-B70541CECDB7}"
EndProject
Project("{9A19103F-16F7-4668-BE54-9A1E7A4F7556}") = "R5T.F0000", "..\..\R5T.F0000\source\R5T.F0000\R5T.F0000.csproj", "{AB6D5BC2-72D1-458C-B8AD-8760B6647FF7}"
EndProject
Project("{9A19103F-16F7-4668-BE54-9A1E7A4F7556}") = "R5T.F0002", "..\..\R5T.F0002\source\R5T.F0002\R5T.F0002.csproj", "{965E5609-5245-4484-9EDA-B000FA128EAD}"
EndProject
Project("{9A19103F-16F7-4668-BE54-9A1E7A4F7556}") = "R5T.F0016.F001", "..\..\R5T.F0016\source\R5T.F0016.F001\R5T.F0016.F001.csproj", "{4F56B5EE-D2BB-45CB-B606-DEFC7EE366F2}"
EndProject
Project("{9A19103F-16F7-4668-BE54-9A1E7A4F7556}") = "R5T.F0016", "..\..\R5T.F0016\source\R5T.F0016\R5T.F0016.csproj", "{570773DB-6A6E-4B17-AC9F-DACD02A2810A}"
EndProject
Project("{9A19103F-16F7-4668-BE54-9A1E7A4F7556}") = "R5T.F0020", "..\..\R5T.F0020\source\R5T.F0020\R5T.F0020.csproj", "{48B28128-4B0E-4F98-9D22-B7BDA14B4C3B}"
EndProject
Project("{9A19103F-16F7-4668-BE54-9A1E7A4F7556}") = "R5T.F0026", "..\..\R5T.F0026\source\R5T.F0026\R5T.F0026.csproj", "{3BD63D5B-1C1D-4238-BE94-190D1CBB2A62}"
EndProject
Project("{9A19103F-16F7-4668-BE54-9A1E7A4F7556}") = "R5T.F0027", "..\..\R5T.F0027\source\R5T.F0027\R5T.F0027.csproj", "{97FC535C-346F-41C6-BE5A-05D6C3839EB4}"
EndProject
Project("{9A19103F-16F7-4668-BE54-9A1E7A4F7556}") = "R5T.F0029", "..\..\R5T.F0029\source\R5T.F0029\R5T.F0029.csproj", "{32AA6ADB-6782-482B-8AE5-F3B7E88C65BD}"
EndProject
Project("{9A19103F-16F7-4668-BE54-9A1E7A4F7556}") = "R5T.F0030", "..\..\R5T.F0030\source\R5T.F0030\R5T.F0030.csproj", "{8BD05C84-3FBD-489B-B030-59D75756E203}"
EndProject
Project("{9A19103F-16F7-4668-BE54-9A1E7A4F7556}") = "R5T.F0034", "..\..\R5T.F0034\source\R5T.F0034\R5T.F0034.csproj", "{8E00037E-58C1-4644-8392-776D222F15E0}"
EndProject
Project("{9A19103F-16F7-4668-BE54-9A1E7A4F7556}") = "R5T.F0035", "..\..\R5T.F0035\source\R5T.F0035\R5T.F0035.csproj", "{17B3EE45-D0AF-45EE-ABED-A0F1F475348C}"
EndProject
Project("{9A19103F-16F7-4668-BE54-9A1E7A4F7556}") = "R5T.F0040.F000", "..\..\R5T.F0040\source\R5T.F0040.F000\R5T.F0040.F000.csproj", "{88CF211F-C9CE-4A05-AE37-DBFC5D3BFEC7}"
EndProject
Project("{9A19103F-16F7-4668-BE54-9A1E7A4F7556}") = "R5T.F0052", "..\..\R5T.F0052\source\R5T.F0052\R5T.F0052.csproj", "{168170D3-9F0A-4A71-A86B-4B07DE729267}"
EndProject
Project("{9A19103F-16F7-4668-BE54-9A1E7A4F7556}") = "R5T.F0053", "..\..\R5T.F0053\source\R5T.F0053\R5T.F0053.csproj", "{3877748F-95D3-4B02-BEF5-D197AF6F0D08}"
EndProject
Project("{9A19103F-16F7-4668-BE54-9A1E7A4F7556}") = "R5T.F0054", "..\..\R5T.F0054\source\R5T.F0054\R5T.F0054.csproj", "{0DB97FCA-32B9-483C-A18F-F6F02715867F}"
EndProject
Project("{9A19103F-16F7-4668-BE54-9A1E7A4F7556}") = "R5T.F0076", "..\..\R5T.F0076\source\R5T.F0076\R5T.F0076.csproj", "{A19637A7-55F0-4186-8B4D-A1B231AA9FFB}"
EndProject
Project("{9A19103F-16F7-4668-BE54-9A1E7A4F7556}") = "R5T.F0077", "..\..\R5T.F0077\source\R5T.F0077\R5T.F0077.csproj", "{50050ADD-ADF3-417A-8A66-841817D9EF69}"
EndProject
Project("{9A19103F-16F7-4668-BE54-9A1E7A4F7556}") = "R5T.F0096", "..\..\R5T.F0096\source\R5T.F0096\R5T.F0096.csproj", "{88DD0508-8BDE-4CDF-BCFB-1149F130A8EB}"
EndProject
Project("{9A19103F-16F7-4668-BE54-9A1E7A4F7556}") = "R5T.L0015", "..\..\R5T.L0015\source\R5T.L0015\R5T.L0015.csproj", "{16358E95-40A0-4A13-9F2E-34E555A50BAB}"
EndProject
Project("{9A19103F-16F7-4668-BE54-9A1E7A4F7556}") = "R5T.L0024", "..\..\R5T.L0024\source\R5T.L0024\R5T.L0024.csproj", "{B8EF2240-4451-4C2D-9C90-744850BF3084}"
EndProject
Project("{9A19103F-16F7-4668-BE54-9A1E7A4F7556}") = "R5T.L0028", "..\..\R5T.L0028\source\R5T.L0028\R5T.L0028.csproj", "{52181E41-70CF-4705-8D97-24128075EDDF}"
EndProject
Project("{9A19103F-16F7-4668-BE54-9A1E7A4F7556}") = "R5T.L0029", "..\..\R5T.L0029\source\R5T.L0029\R5T.L0029.csproj", "{A68D62A0-FF9A-45B5-936C-60C214E08F3D}"
EndProject
Project("{9A19103F-16F7-4668-BE54-9A1E7A4F7556}") = "R5T.NG0002", "..\..\R5T.NG0002\source\R5T.NG0002\R5T.NG0002.csproj", "{0C0FA62B-4BAC-4C50-B22D-7B4A3EC2DF6F}"
EndProject
Project("{9A19103F-16F7-4668-BE54-9A1E7A4F7556}") = "R5T.NG0003", "..\..\R5T.NG0003\source\R5T.NG0003\R5T.NG0003.csproj", "{24B28F64-E8A5-475F-BC66-60012C114F13}"
EndProject
Project("{9A19103F-16F7-4668-BE54-9A1E7A4F7556}") = "R5T.NG0006", "..\..\R5T.NG0006\source\R5T.NG0006\R5T.NG0006.csproj", "{E7A4DC27-827F-4EA5-A2A0-61CBDE9CF9DD}"
EndProject
Project("{9A19103F-16F7-4668-BE54-9A1E7A4F7556}") = "R5T.T0131", "..\..\R5T.T0131\source\R5T.T0131\R5T.T0131.csproj", "{535BA6B7-7E05-48D0-B7D8-CF6636F7805F}"
EndProject
Project("{9A19103F-16F7-4668-BE54-9A1E7A4F7556}") = "R5T.T0132", "..\..\R5T.T0132\source\R5T.T0132\R5T.T0132.csproj", "{4B472247-D3B0-4C25-8C9E-82CDFCBE256D}"
EndProject
Project("{9A19103F-16F7-4668-BE54-9A1E7A4F7556}") = "R5T.T0142", "..\..\R5T.T0142\source\R5T.T0142\R5T.T0142.csproj", "{E2A7B623-AE52-4E38-BE20-298C07930DBA}"
EndProject
Project("{9A19103F-16F7-4668-BE54-9A1E7A4F7556}") = "R5T.T0143", "..\..\R5T.T0143\source\R5T.T0143\R5T.T0143.csproj", "{E09C3775-1631-4509-A425-39930F1B54B2}"
EndProject
Project("{9A19103F-16F7-4668-BE54-9A1E7A4F7556}") = "R5T.T0144", "..\..\R5T.T0144\source\R5T.T0144\R5T.T0144.csproj", "{901B6D8E-9BB1-4C4F-B505-332828EFBF93}"
EndProject
Project("{9A19103F-16F7-4668-BE54-9A1E7A4F7556}") = "R5T.T0145", "..\..\R5T.T0145\source\R5T.T0145\R5T.T0145.csproj", "{5139FCE9-3FFA-432B-BE55-0946FCBC2E8A}"
EndProject
Project("{9A19103F-16F7-4668-BE54-9A1E7A4F7556}") = "R5T.T0152", "..\..\R5T.T0152\source\R5T.T0152\R5T.T0152.csproj", "{D1904FE6-809D-45BE-BA2C-D5671545F5F4}"
EndProject
Project("{9A19103F-16F7-4668-BE54-9A1E7A4F7556}") = "R5T.Y0000", "..\..\R5T.Y0000\source\R5T.Y0000\R5T.Y0000.csproj", "{F699BB60-6585-4AEB-9CCE-747117B49346}"
EndProject
Project("{9A19103F-16F7-4668-BE54-9A1E7A4F7556}") = "R5T.Z0000", "..\..\R5T.Z0000\source\R5T.Z0000\R5T.Z0000.csproj", "{84FC0674-7F0A-4840-8CC3-93BA93049CA2}"
EndProject
Project("{9A19103F-16F7-4668-BE54-9A1E7A4F7556}") = "R5T.Z0011", "..\..\R5T.Z0011\source\R5T.Z0011\R5T.Z0011.csproj", "{A0DFDAD1-0E09-44CC-B554-2C570DEF9DC5}"
EndProject
Project("{9A19103F-16F7-4668-BE54-9A1E7A4F7556}") = "R5T.Z0017", "..\..\R5T.Z0017.Private\source\R5T.Z0017\R5T.Z0017.csproj", "{10477AAA-9880-4E4F-9A19-2DC2B4DD17E3}"
EndProject
Project("{9A19103F-16F7-4668-BE54-9A1E7A4F7556}") = "R5T.Z0024", "..\..\R5T.Z0024.Private\source\R5T.Z0024\R5T.Z0024.csproj", "{A3B00B4D-756A-4D05-AC8B-D360224AA9A9}"
EndProject
Global
	GlobalSection(NestedProjects) = preSolution
		{AB6D5BC2-72D1-458C-B8AD-8760B6647FF7} = {3B9362BF-966E-461E-8443-B70541CECDB7}
		{965E5609-5245-4484-9EDA-B000FA128EAD} = {3B9362BF-966E-461E-8443-B70541CECDB7}
		{4F56B5EE-D2BB-45CB-B606-DEFC7EE366F2} = {3B9362BF-966E-461E-8443-B70541CECDB7}
		{570773DB-6A6E-4B17-AC9F-DACD02A2810A} = {3B9362BF-966E-461E-8443-B70541CECDB7}
		{48B28128-4B0E-4F98-9D22-B7BDA14B4C3B} = {3B9362BF-966E-461E-8443-B70541CECDB7}
		{3BD63D5B-1C1D-4238-BE94-190D1CBB2A62} = {3B9362BF-966E-461E-8443-B70541CECDB7}
		{97FC535C-346F-41C6-BE5A-05D6C3839EB4} = {3B9362BF-966E-461E-8443-B70541CECDB7}
		{32AA6ADB-6782-482B-8AE5-F3B7E88C65BD} = {3B9362BF-966E-461E-8443-B70541CECDB7}
		{8BD05C84-3FBD-489B-B030-59D75756E203} = {3B9362BF-966E-461E-8443-B70541CECDB7}
		{8E00037E-58C1-4644-8392-776D222F15E0} = {3B9362BF-966E-461E-8443-B70541CECDB7}
		{17B3EE45-D0AF-45EE-ABED-A0F1F475348C} = {3B9362BF-966E-461E-8443-B70541CECDB7}
		{88CF211F-C9CE-4A05-AE37-DBFC5D3BFEC7} = {3B9362BF-966E-461E-8443-B70541CECDB7}
		{168170D3-9F0A-4A71-A86B-4B07DE729267} = {3B9362BF-966E-461E-8443-B70541CECDB7}
		{3877748F-95D3-4B02-BEF5-D197AF6F0D08} = {3B9362BF-966E-461E-8443-B70541CECDB7}
		{0DB97FCA-32B9-483C-A18F-F6F02715867F} = {3B9362BF-966E-461E-8443-B70541CECDB7}
		{A19637A7-55F0-4186-8B4D-A1B231AA9FFB} = {3B9362BF-966E-461E-8443-B70541CECDB7}
		{50050ADD-ADF3-417A-8A66-841817D9EF69} = {3B9362BF-966E-461E-8443-B70541CECDB7}
		{88DD0508-8BDE-4CDF-BCFB-1149F130A8EB} = {3B9362BF-966E-461E-8443-B70541CECDB7}
		{16358E95-40A0-4A13-9F2E-34E555A50BAB} = {3B9362BF-966E-461E-8443-B70541CECDB7}
		{B8EF2240-4451-4C2D-9C90-744850BF3084} = {3B9362BF-966E-461E-8443-B70541CECDB7}
		{52181E41-70CF-4705-8D97-24128075EDDF} = {3B9362BF-966E-461E-8443-B70541CECDB7}
		{A68D62A0-FF9A-45B5-936C-60C214E08F3D} = {3B9362BF-966E-461E-8443-B70541CECDB7}
		{0C0FA62B-4BAC-4C50-B22D-7B4A3EC2DF6F} = {3B9362BF-966E-461E-8443-B70541CECDB7}
		{24B28F64-E8A5-475F-BC66-60012C114F13} = {3B9362BF-966E-461E-8443-B70541CECDB7}
		{E7A4DC27-827F-4EA5-A2A0-61CBDE9CF9DD} = {3B9362BF-966E-461E-8443-B70541CECDB7}
		{535BA6B7-7E05-48D0-B7D8-CF6636F7805F} = {3B9362BF-966E-461E-8443-B70541CECDB7}
		{4B472247-D3B0-4C25-8C9E-82CDFCBE256D} = {3B9362BF-966E-461E-8443-B70541CECDB7}
		{E2A7B623-AE52-4E38-BE20-298C07930DBA} = {3B9362BF-966E-461E-8443-B70541CECDB7}
		{E09C3775-1631-4509-A425-39930F1B54B2} = {3B9362BF-966E-461E-8443-B70541CECDB7}
		{901B6D8E-9BB1-4C4F-B505-332828EFBF93} = {3B9362BF-966E-461E-8443-B70541CECDB7}
		{5139FCE9-3FFA-432B-BE55-0946FCBC2E8A} = {3B9362BF-966E-461E-8443-B70541CECDB7}
		{D1904FE6-809D-45BE-BA2C-D5671545F5F4} = {3B9362BF-966E-461E-8443-B70541CECDB7}
		{F699BB60-6585-4AEB-9CCE-747117B49346} = {3B9362BF-966E-461E-8443-B70541CECDB7}
		{84FC0674-7F0A-4840-8CC3-93BA93049CA2} = {3B9362BF-966E-461E-8443-B70541CECDB7}
		{A0DFDAD1-0E09-44CC-B554-2C570DEF9DC5} = {3B9362BF-966E-461E-8443-B70541CECDB7}
		{10477AAA-9880-4E4F-9A19-2DC2B4DD17E3} = {3B9362BF-966E-461E-8443-B70541CECDB7}
		{A3B00B4D-756A-4D05-AC8B-D360224AA9A9} = {3B9362BF-966E-461E-8443-B70541CECDB7}
	EndGlobalSection
	GlobalSection(SolutionConfigurationPlatforms) = preSolution
		Debug|Any CPU = Debug|Any CPU
		Release|Any CPU = Release|Any CPU
	EndGlobalSection
	GlobalSection(ProjectConfigurationPlatforms) = postSolution
		{E3DF8DE5-AEDF-4222-A5F7-440F49A527A5}.Debug|Any CPU.ActiveCfg = Debug|Any CPU
		{E3DF8DE5-AEDF-4222-A5F7-440F49A527A5}.Debug|Any CPU.Build.0 = Debug|Any CPU
		{E3DF8DE5-AEDF-4222-A5F7-440F49A527A5}.Release|Any CPU.ActiveCfg = Release|Any CPU
		{E3DF8DE5-AEDF-4222-A5F7-440F49A527A5}.Release|Any CPU.Build.0 = Release|Any CPU
		{AB6D5BC2-72D1-458C-B8AD-8760B6647FF7}.Debug|Any CPU.ActiveCfg = Debug|Any CPU
		{AB6D5BC2-72D1-458C-B8AD-8760B6647FF7}.Debug|Any CPU.Build.0 = Debug|Any CPU
		{AB6D5BC2-72D1-458C-B8AD-8760B6647FF7}.Release|Any CPU.ActiveCfg = Release|Any CPU
		{AB6D5BC2-72D1-458C-B8AD-8760B6647FF7}.Release|Any CPU.Build.0 = Release|Any CPU
		{965E5609-5245-4484-9EDA-B000FA128EAD}.Debug|Any CPU.ActiveCfg = Debug|Any CPU
		{965E5609-5245-4484-9EDA-B000FA128EAD}.Debug|Any CPU.Build.0 = Debug|Any CPU
		{965E5609-5245-4484-9EDA-B000FA128EAD}.Release|Any CPU.ActiveCfg = Release|Any CPU
		{965E5609-5245-4484-9EDA-B000FA128EAD}.Release|Any CPU.Build.0 = Release|Any CPU
		{4F56B5EE-D2BB-45CB-B606-DEFC7EE366F2}.Debug|Any CPU.ActiveCfg = Debug|Any CPU
		{4F56B5EE-D2BB-45CB-B606-DEFC7EE366F2}.Debug|Any CPU.Build.0 = Debug|Any CPU
		{4F56B5EE-D2BB-45CB-B606-DEFC7EE366F2}.Release|Any CPU.ActiveCfg = Release|Any CPU
		{4F56B5EE-D2BB-45CB-B606-DEFC7EE366F2}.Release|Any CPU.Build.0 = Release|Any CPU
		{570773DB-6A6E-4B17-AC9F-DACD02A2810A}.Debug|Any CPU.ActiveCfg = Debug|Any CPU
		{570773DB-6A6E-4B17-AC9F-DACD02A2810A}.Debug|Any CPU.Build.0 = Debug|Any CPU
		{570773DB-6A6E-4B17-AC9F-DACD02A2810A}.Release|Any CPU.ActiveCfg = Release|Any CPU
		{570773DB-6A6E-4B17-AC9F-DACD02A2810A}.Release|Any CPU.Build.0 = Release|Any CPU
		{48B28128-4B0E-4F98-9D22-B7BDA14B4C3B}.Debug|Any CPU.ActiveCfg = Debug|Any CPU
		{48B28128-4B0E-4F98-9D22-B7BDA14B4C3B}.Debug|Any CPU.Build.0 = Debug|Any CPU
		{48B28128-4B0E-4F98-9D22-B7BDA14B4C3B}.Release|Any CPU.ActiveCfg = Release|Any CPU
		{48B28128-4B0E-4F98-9D22-B7BDA14B4C3B}.Release|Any CPU.Build.0 = Release|Any CPU
		{3BD63D5B-1C1D-4238-BE94-190D1CBB2A62}.Debug|Any CPU.ActiveCfg = Debug|Any CPU
		{3BD63D5B-1C1D-4238-BE94-190D1CBB2A62}.Debug|Any CPU.Build.0 = Debug|Any CPU
		{3BD63D5B-1C1D-4238-BE94-190D1CBB2A62}.Release|Any CPU.ActiveCfg = Release|Any CPU
		{3BD63D5B-1C1D-4238-BE94-190D1CBB2A62}.Release|Any CPU.Build.0 = Release|Any CPU
		{97FC535C-346F-41C6-BE5A-05D6C3839EB4}.Debug|Any CPU.ActiveCfg = Debug|Any CPU
		{97FC535C-346F-41C6-BE5A-05D6C3839EB4}.Debug|Any CPU.Build.0 = Debug|Any CPU
		{97FC535C-346F-41C6-BE5A-05D6C3839EB4}.Release|Any CPU.ActiveCfg = Release|Any CPU
		{97FC535C-346F-41C6-BE5A-05D6C3839EB4}.Release|Any CPU.Build.0 = Release|Any CPU
		{32AA6ADB-6782-482B-8AE5-F3B7E88C65BD}.Debug|Any CPU.ActiveCfg = Debug|Any CPU
		{32AA6ADB-6782-482B-8AE5-F3B7E88C65BD}.Debug|Any CPU.Build.0 = Debug|Any CPU
		{32AA6ADB-6782-482B-8AE5-F3B7E88C65BD}.Release|Any CPU.ActiveCfg = Release|Any CPU
		{32AA6ADB-6782-482B-8AE5-F3B7E88C65BD}.Release|Any CPU.Build.0 = Release|Any CPU
		{8BD05C84-3FBD-489B-B030-59D75756E203}.Debug|Any CPU.ActiveCfg = Debug|Any CPU
		{8BD05C84-3FBD-489B-B030-59D75756E203}.Debug|Any CPU.Build.0 = Debug|Any CPU
		{8BD05C84-3FBD-489B-B030-59D75756E203}.Release|Any CPU.ActiveCfg = Release|Any CPU
		{8BD05C84-3FBD-489B-B030-59D75756E203}.Release|Any CPU.Build.0 = Release|Any CPU
		{8E00037E-58C1-4644-8392-776D222F15E0}.Debug|Any CPU.ActiveCfg = Debug|Any CPU
		{8E00037E-58C1-4644-8392-776D222F15E0}.Debug|Any CPU.Build.0 = Debug|Any CPU
		{8E00037E-58C1-4644-8392-776D222F15E0}.Release|Any CPU.ActiveCfg = Release|Any CPU
		{8E00037E-58C1-4644-8392-776D222F15E0}.Release|Any CPU.Build.0 = Release|Any CPU
		{17B3EE45-D0AF-45EE-ABED-A0F1F475348C}.Debug|Any CPU.ActiveCfg = Debug|Any CPU
		{17B3EE45-D0AF-45EE-ABED-A0F1F475348C}.Debug|Any CPU.Build.0 = Debug|Any CPU
		{17B3EE45-D0AF-45EE-ABED-A0F1F475348C}.Release|Any CPU.ActiveCfg = Release|Any CPU
		{17B3EE45-D0AF-45EE-ABED-A0F1F475348C}.Release|Any CPU.Build.0 = Release|Any CPU
		{88CF211F-C9CE-4A05-AE37-DBFC5D3BFEC7}.Debug|Any CPU.ActiveCfg = Debug|Any CPU
		{88CF211F-C9CE-4A05-AE37-DBFC5D3BFEC7}.Debug|Any CPU.Build.0 = Debug|Any CPU
		{88CF211F-C9CE-4A05-AE37-DBFC5D3BFEC7}.Release|Any CPU.ActiveCfg = Release|Any CPU
		{88CF211F-C9CE-4A05-AE37-DBFC5D3BFEC7}.Release|Any CPU.Build.0 = Release|Any CPU
		{168170D3-9F0A-4A71-A86B-4B07DE729267}.Debug|Any CPU.ActiveCfg = Debug|Any CPU
		{168170D3-9F0A-4A71-A86B-4B07DE729267}.Debug|Any CPU.Build.0 = Debug|Any CPU
		{168170D3-9F0A-4A71-A86B-4B07DE729267}.Release|Any CPU.ActiveCfg = Release|Any CPU
		{168170D3-9F0A-4A71-A86B-4B07DE729267}.Release|Any CPU.Build.0 = Release|Any CPU
		{3877748F-95D3-4B02-BEF5-D197AF6F0D08}.Debug|Any CPU.ActiveCfg = Debug|Any CPU
		{3877748F-95D3-4B02-BEF5-D197AF6F0D08}.Debug|Any CPU.Build.0 = Debug|Any CPU
		{3877748F-95D3-4B02-BEF5-D197AF6F0D08}.Release|Any CPU.ActiveCfg = Release|Any CPU
		{3877748F-95D3-4B02-BEF5-D197AF6F0D08}.Release|Any CPU.Build.0 = Release|Any CPU
		{0DB97FCA-32B9-483C-A18F-F6F02715867F}.Debug|Any CPU.ActiveCfg = Debug|Any CPU
		{0DB97FCA-32B9-483C-A18F-F6F02715867F}.Debug|Any CPU.Build.0 = Debug|Any CPU
		{0DB97FCA-32B9-483C-A18F-F6F02715867F}.Release|Any CPU.ActiveCfg = Release|Any CPU
		{0DB97FCA-32B9-483C-A18F-F6F02715867F}.Release|Any CPU.Build.0 = Release|Any CPU
		{A19637A7-55F0-4186-8B4D-A1B231AA9FFB}.Debug|Any CPU.ActiveCfg = Debug|Any CPU
		{A19637A7-55F0-4186-8B4D-A1B231AA9FFB}.Debug|Any CPU.Build.0 = Debug|Any CPU
		{A19637A7-55F0-4186-8B4D-A1B231AA9FFB}.Release|Any CPU.ActiveCfg = Release|Any CPU
		{A19637A7-55F0-4186-8B4D-A1B231AA9FFB}.Release|Any CPU.Build.0 = Release|Any CPU
		{50050ADD-ADF3-417A-8A66-841817D9EF69}.Debug|Any CPU.ActiveCfg = Debug|Any CPU
		{50050ADD-ADF3-417A-8A66-841817D9EF69}.Debug|Any CPU.Build.0 = Debug|Any CPU
		{50050ADD-ADF3-417A-8A66-841817D9EF69}.Release|Any CPU.ActiveCfg = Release|Any CPU
		{50050ADD-ADF3-417A-8A66-841817D9EF69}.Release|Any CPU.Build.0 = Release|Any CPU
		{88DD0508-8BDE-4CDF-BCFB-1149F130A8EB}.Debug|Any CPU.ActiveCfg = Debug|Any CPU
		{88DD0508-8BDE-4CDF-BCFB-1149F130A8EB}.Debug|Any CPU.Build.0 = Debug|Any CPU
		{88DD0508-8BDE-4CDF-BCFB-1149F130A8EB}.Release|Any CPU.ActiveCfg = Release|Any CPU
		{88DD0508-8BDE-4CDF-BCFB-1149F130A8EB}.Release|Any CPU.Build.0 = Release|Any CPU
		{16358E95-40A0-4A13-9F2E-34E555A50BAB}.Debug|Any CPU.ActiveCfg = Debug|Any CPU
		{16358E95-40A0-4A13-9F2E-34E555A50BAB}.Debug|Any CPU.Build.0 = Debug|Any CPU
		{16358E95-40A0-4A13-9F2E-34E555A50BAB}.Release|Any CPU.ActiveCfg = Release|Any CPU
		{16358E95-40A0-4A13-9F2E-34E555A50BAB}.Release|Any CPU.Build.0 = Release|Any CPU
		{B8EF2240-4451-4C2D-9C90-744850BF3084}.Debug|Any CPU.ActiveCfg = Debug|Any CPU
		{B8EF2240-4451-4C2D-9C90-744850BF3084}.Debug|Any CPU.Build.0 = Debug|Any CPU
		{B8EF2240-4451-4C2D-9C90-744850BF3084}.Release|Any CPU.ActiveCfg = Release|Any CPU
		{B8EF2240-4451-4C2D-9C90-744850BF3084}.Release|Any CPU.Build.0 = Release|Any CPU
		{52181E41-70CF-4705-8D97-24128075EDDF}.Debug|Any CPU.ActiveCfg = Debug|Any CPU
		{52181E41-70CF-4705-8D97-24128075EDDF}.Debug|Any CPU.Build.0 = Debug|Any CPU
		{52181E41-70CF-4705-8D97-24128075EDDF}.Release|Any CPU.ActiveCfg = Release|Any CPU
		{52181E41-70CF-4705-8D97-24128075EDDF}.Release|Any CPU.Build.0 = Release|Any CPU
		{A68D62A0-FF9A-45B5-936C-60C214E08F3D}.Debug|Any CPU.ActiveCfg = Debug|Any CPU
		{A68D62A0-FF9A-45B5-936C-60C214E08F3D}.Debug|Any CPU.Build.0 = Debug|Any CPU
		{A68D62A0-FF9A-45B5-936C-60C214E08F3D}.Release|Any CPU.ActiveCfg = Release|Any CPU
		{A68D62A0-FF9A-45B5-936C-60C214E08F3D}.Release|Any CPU.Build.0 = Release|Any CPU
		{0C0FA62B-4BAC-4C50-B22D-7B4A3EC2DF6F}.Debug|Any CPU.ActiveCfg = Debug|Any CPU
		{0C0FA62B-4BAC-4C50-B22D-7B4A3EC2DF6F}.Debug|Any CPU.Build.0 = Debug|Any CPU
		{0C0FA62B-4BAC-4C50-B22D-7B4A3EC2DF6F}.Release|Any CPU.ActiveCfg = Release|Any CPU
		{0C0FA62B-4BAC-4C50-B22D-7B4A3EC2DF6F}.Release|Any CPU.Build.0 = Release|Any CPU
		{24B28F64-E8A5-475F-BC66-60012C114F13}.Debug|Any CPU.ActiveCfg = Debug|Any CPU
		{24B28F64-E8A5-475F-BC66-60012C114F13}.Debug|Any CPU.Build.0 = Debug|Any CPU
		{24B28F64-E8A5-475F-BC66-60012C114F13}.Release|Any CPU.ActiveCfg = Release|Any CPU
		{24B28F64-E8A5-475F-BC66-60012C114F13}.Release|Any CPU.Build.0 = Release|Any CPU
		{E7A4DC27-827F-4EA5-A2A0-61CBDE9CF9DD}.Debug|Any CPU.ActiveCfg = Debug|Any CPU
		{E7A4DC27-827F-4EA5-A2A0-61CBDE9CF9DD}.Debug|Any CPU.Build.0 = Debug|Any CPU
		{E7A4DC27-827F-4EA5-A2A0-61CBDE9CF9DD}.Release|Any CPU.ActiveCfg = Release|Any CPU
		{E7A4DC27-827F-4EA5-A2A0-61CBDE9CF9DD}.Release|Any CPU.Build.0 = Release|Any CPU
		{535BA6B7-7E05-48D0-B7D8-CF6636F7805F}.Debug|Any CPU.ActiveCfg = Debug|Any CPU
		{535BA6B7-7E05-48D0-B7D8-CF6636F7805F}.Debug|Any CPU.Build.0 = Debug|Any CPU
		{535BA6B7-7E05-48D0-B7D8-CF6636F7805F}.Release|Any CPU.ActiveCfg = Release|Any CPU
		{535BA6B7-7E05-48D0-B7D8-CF6636F7805F}.Release|Any CPU.Build.0 = Release|Any CPU
		{4B472247-D3B0-4C25-8C9E-82CDFCBE256D}.Debug|Any CPU.ActiveCfg = Debug|Any CPU
		{4B472247-D3B0-4C25-8C9E-82CDFCBE256D}.Debug|Any CPU.Build.0 = Debug|Any CPU
		{4B472247-D3B0-4C25-8C9E-82CDFCBE256D}.Release|Any CPU.ActiveCfg = Release|Any CPU
		{4B472247-D3B0-4C25-8C9E-82CDFCBE256D}.Release|Any CPU.Build.0 = Release|Any CPU
		{E2A7B623-AE52-4E38-BE20-298C07930DBA}.Debug|Any CPU.ActiveCfg = Debug|Any CPU
		{E2A7B623-AE52-4E38-BE20-298C07930DBA}.Debug|Any CPU.Build.0 = Debug|Any CPU
		{E2A7B623-AE52-4E38-BE20-298C07930DBA}.Release|Any CPU.ActiveCfg = Release|Any CPU
		{E2A7B623-AE52-4E38-BE20-298C07930DBA}.Release|Any CPU.Build.0 = Release|Any CPU
		{E09C3775-1631-4509-A425-39930F1B54B2}.Debug|Any CPU.ActiveCfg = Debug|Any CPU
		{E09C3775-1631-4509-A425-39930F1B54B2}.Debug|Any CPU.Build.0 = Debug|Any CPU
		{E09C3775-1631-4509-A425-39930F1B54B2}.Release|Any CPU.ActiveCfg = Release|Any CPU
		{E09C3775-1631-4509-A425-39930F1B54B2}.Release|Any CPU.Build.0 = Release|Any CPU
		{901B6D8E-9BB1-4C4F-B505-332828EFBF93}.Debug|Any CPU.ActiveCfg = Debug|Any CPU
		{901B6D8E-9BB1-4C4F-B505-332828EFBF93}.Debug|Any CPU.Build.0 = Debug|Any CPU
		{901B6D8E-9BB1-4C4F-B505-332828EFBF93}.Release|Any CPU.ActiveCfg = Release|Any CPU
		{901B6D8E-9BB1-4C4F-B505-332828EFBF93}.Release|Any CPU.Build.0 = Release|Any CPU
		{5139FCE9-3FFA-432B-BE55-0946FCBC2E8A}.Debug|Any CPU.ActiveCfg = Debug|Any CPU
		{5139FCE9-3FFA-432B-BE55-0946FCBC2E8A}.Debug|Any CPU.Build.0 = Debug|Any CPU
		{5139FCE9-3FFA-432B-BE55-0946FCBC2E8A}.Release|Any CPU.ActiveCfg = Release|Any CPU
		{5139FCE9-3FFA-432B-BE55-0946FCBC2E8A}.Release|Any CPU.Build.0 = Release|Any CPU
		{D1904FE6-809D-45BE-BA2C-D5671545F5F4}.Debug|Any CPU.ActiveCfg = Debug|Any CPU
		{D1904FE6-809D-45BE-BA2C-D5671545F5F4}.Debug|Any CPU.Build.0 = Debug|Any CPU
		{D1904FE6-809D-45BE-BA2C-D5671545F5F4}.Release|Any CPU.ActiveCfg = Release|Any CPU
		{D1904FE6-809D-45BE-BA2C-D5671545F5F4}.Release|Any CPU.Build.0 = Release|Any CPU
		{F699BB60-6585-4AEB-9CCE-747117B49346}.Debug|Any CPU.ActiveCfg = Debug|Any CPU
		{F699BB60-6585-4AEB-9CCE-747117B49346}.Debug|Any CPU.Build.0 = Debug|Any CPU
		{F699BB60-6585-4AEB-9CCE-747117B49346}.Release|Any CPU.ActiveCfg = Release|Any CPU
		{F699BB60-6585-4AEB-9CCE-747117B49346}.Release|Any CPU.Build.0 = Release|Any CPU
		{84FC0674-7F0A-4840-8CC3-93BA93049CA2}.Debug|Any CPU.ActiveCfg = Debug|Any CPU
		{84FC0674-7F0A-4840-8CC3-93BA93049CA2}.Debug|Any CPU.Build.0 = Debug|Any CPU
		{84FC0674-7F0A-4840-8CC3-93BA93049CA2}.Release|Any CPU.ActiveCfg = Release|Any CPU
		{84FC0674-7F0A-4840-8CC3-93BA93049CA2}.Release|Any CPU.Build.0 = Release|Any CPU
		{A0DFDAD1-0E09-44CC-B554-2C570DEF9DC5}.Debug|Any CPU.ActiveCfg = Debug|Any CPU
		{A0DFDAD1-0E09-44CC-B554-2C570DEF9DC5}.Debug|Any CPU.Build.0 = Debug|Any CPU
		{A0DFDAD1-0E09-44CC-B554-2C570DEF9DC5}.Release|Any CPU.ActiveCfg = Release|Any CPU
		{A0DFDAD1-0E09-44CC-B554-2C570DEF9DC5}.Release|Any CPU.Build.0 = Release|Any CPU
		{10477AAA-9880-4E4F-9A19-2DC2B4DD17E3}.Debug|Any CPU.ActiveCfg = Debug|Any CPU
		{10477AAA-9880-4E4F-9A19-2DC2B4DD17E3}.Debug|Any CPU.Build.0 = Debug|Any CPU
		{10477AAA-9880-4E4F-9A19-2DC2B4DD17E3}.Release|Any CPU.ActiveCfg = Release|Any CPU
		{10477AAA-9880-4E4F-9A19-2DC2B4DD17E3}.Release|Any CPU.Build.0 = Release|Any CPU
		{A3B00B4D-756A-4D05-AC8B-D360224AA9A9}.Debug|Any CPU.ActiveCfg = Debug|Any CPU
		{A3B00B4D-756A-4D05-AC8B-D360224AA9A9}.Debug|Any CPU.Build.0 = Debug|Any CPU
		{A3B00B4D-756A-4D05-AC8B-D360224AA9A9}.Release|Any CPU.ActiveCfg = Release|Any CPU
		{A3B00B4D-756A-4D05-AC8B-D360224AA9A9}.Release|Any CPU.Build.0 = Release|Any CPU
	EndGlobalSection
	GlobalSection(SolutionProperties) = preSolution
		HideSolutionNode = FALSE
	EndGlobalSection
	GlobalSection(ExtensibilityGlobals) = postSolution
		SolutionGuid = {EF5E112D-7B4A-4D3A-AD30-1A48AAE48956}
	EndGlobalSection
EndGlobal
